
Microsoft Visual Studio Solution File, Format Version 12.00
# Visual Studio Version 16
VisualStudioVersion = 16.0.30717.126
MinimumVisualStudioVersion = 10.0.40219.1
Project("{FAE04EC0-301F-11D3-BF4B-00C04F79EFBC}") = "NameReference.Android", "NameReference\NameReference.Android\NameReference.Android.csproj", "{26415E60-739B-44E1-8B10-D530EEBA3E38}"
EndProject
Project("{FAE04EC0-301F-11D3-BF4B-00C04F79EFBC}") = "NameReference.iOS", "NameReference\NameReference.iOS\NameReference.iOS.csproj", "{C0F7AB1C-7DBE-443A-A379-5E4FD8D33717}"
EndProject
Project("{FAE04EC0-301F-11D3-BF4B-00C04F79EFBC}") = "NameReference", "NameReference\NameReference\NameReference.csproj", "{24D84C70-251A-4FC5-81A2-F577F9436A2F}"
EndProject
Global
	GlobalSection(SolutionConfigurationPlatforms) = preSolution
		Debug|Any CPU = Debug|Any CPU
		Debug|iPhone = Debug|iPhone
		Debug|iPhoneSimulator = Debug|iPhoneSimulator
		Release|Any CPU = Release|Any CPU
		Release|iPhone = Release|iPhone
		Release|iPhoneSimulator = Release|iPhoneSimulator
	EndGlobalSection
	GlobalSection(ProjectConfigurationPlatforms) = postSolution
		{26415E60-739B-44E1-8B10-D530EEBA3E38}.Debug|Any CPU.ActiveCfg = Debug|Any CPU
		{26415E60-739B-44E1-8B10-D530EEBA3E38}.Debug|Any CPU.Build.0 = Debug|Any CPU
		{26415E60-739B-44E1-8B10-D530EEBA3E38}.Debug|Any CPU.Deploy.0 = Debug|Any CPU
		{26415E60-739B-44E1-8B10-D530EEBA3E38}.Debug|iPhone.ActiveCfg = Debug|Any CPU
		{26415E60-739B-44E1-8B10-D530EEBA3E38}.Debug|iPhone.Build.0 = Debug|Any CPU
		{26415E60-739B-44E1-8B10-D530EEBA3E38}.Debug|iPhone.Deploy.0 = Debug|Any CPU
		{26415E60-739B-44E1-8B10-D530EEBA3E38}.Debug|iPhoneSimulator.ActiveCfg = Debug|Any CPU
		{26415E60-739B-44E1-8B10-D530EEBA3E38}.Debug|iPhoneSimulator.Build.0 = Debug|Any CPU
		{26415E60-739B-44E1-8B10-D530EEBA3E38}.Debug|iPhoneSimulator.Deploy.0 = Debug|Any CPU
		{26415E60-739B-44E1-8B10-D530EEBA3E38}.Release|Any CPU.ActiveCfg = Release|Any CPU
		{26415E60-739B-44E1-8B10-D530EEBA3E38}.Release|Any CPU.Build.0 = Release|Any CPU
		{26415E60-739B-44E1-8B10-D530EEBA3E38}.Release|Any CPU.Deploy.0 = Release|Any CPU
		{26415E60-739B-44E1-8B10-D530EEBA3E38}.Release|iPhone.ActiveCfg = Release|Any CPU
		{26415E60-739B-44E1-8B10-D530EEBA3E38}.Release|iPhone.Build.0 = Release|Any CPU
		{26415E60-739B-44E1-8B10-D530EEBA3E38}.Release|iPhone.Deploy.0 = Release|Any CPU
		{26415E60-739B-44E1-8B10-D530EEBA3E38}.Release|iPhoneSimulator.ActiveCfg = Release|Any CPU
		{26415E60-739B-44E1-8B10-D530EEBA3E38}.Release|iPhoneSimulator.Build.0 = Release|Any CPU
		{26415E60-739B-44E1-8B10-D530EEBA3E38}.Release|iPhoneSimulator.Deploy.0 = Release|Any CPU
		{C0F7AB1C-7DBE-443A-A379-5E4FD8D33717}.Debug|Any CPU.ActiveCfg = Debug|iPhone
		{C0F7AB1C-7DBE-443A-A379-5E4FD8D33717}.Debug|Any CPU.Build.0 = Debug|iPhone
		{C0F7AB1C-7DBE-443A-A379-5E4FD8D33717}.Debug|Any CPU.Deploy.0 = Debug|iPhone
		{C0F7AB1C-7DBE-443A-A379-5E4FD8D33717}.Debug|iPhone.ActiveCfg = Debug|iPhone
		{C0F7AB1C-7DBE-443A-A379-5E4FD8D33717}.Debug|iPhone.Build.0 = Debug|iPhone
		{C0F7AB1C-7DBE-443A-A379-5E4FD8D33717}.Debug|iPhone.Deploy.0 = Debug|iPhone
		{C0F7AB1C-7DBE-443A-A379-5E4FD8D33717}.Debug|iPhoneSimulator.ActiveCfg = Debug|iPhoneSimulator
		{C0F7AB1C-7DBE-443A-A379-5E4FD8D33717}.Debug|iPhoneSimulator.Build.0 = Debug|iPhoneSimulator
		{C0F7AB1C-7DBE-443A-A379-5E4FD8D33717}.Debug|iPhoneSimulator.Deploy.0 = Debug|iPhoneSimulator
		{C0F7AB1C-7DBE-443A-A379-5E4FD8D33717}.Release|Any CPU.ActiveCfg = Release|iPhoneSimulator
		{C0F7AB1C-7DBE-443A-A379-5E4FD8D33717}.Release|Any CPU.Build.0 = Release|iPhoneSimulator
		{C0F7AB1C-7DBE-443A-A379-5E4FD8D33717}.Release|Any CPU.Deploy.0 = Release|iPhoneSimulator
		{C0F7AB1C-7DBE-443A-A379-5E4FD8D33717}.Release|iPhone.ActiveCfg = Release|iPhone
		{C0F7AB1C-7DBE-443A-A379-5E4FD8D33717}.Release|iPhone.Build.0 = Release|iPhone
		{C0F7AB1C-7DBE-443A-A379-5E4FD8D33717}.Release|iPhone.Deploy.0 = Release|iPhone
		{C0F7AB1C-7DBE-443A-A379-5E4FD8D33717}.Release|iPhoneSimulator.ActiveCfg = Release|iPhoneSimulator
		{C0F7AB1C-7DBE-443A-A379-5E4FD8D33717}.Release|iPhoneSimulator.Build.0 = Release|iPhoneSimulator
		{C0F7AB1C-7DBE-443A-A379-5E4FD8D33717}.Release|iPhoneSimulator.Deploy.0 = Release|iPhoneSimulator
		{24D84C70-251A-4FC5-81A2-F577F9436A2F}.Debug|Any CPU.ActiveCfg = Debug|Any CPU
		{24D84C70-251A-4FC5-81A2-F577F9436A2F}.Debug|Any CPU.Build.0 = Debug|Any CPU
		{24D84C70-251A-4FC5-81A2-F577F9436A2F}.Debug|Any CPU.Deploy.0 = Debug|Any CPU
		{24D84C70-251A-4FC5-81A2-F577F9436A2F}.Debug|iPhone.ActiveCfg = Debug|Any CPU
		{24D84C70-251A-4FC5-81A2-F577F9436A2F}.Debug|iPhone.Build.0 = Debug|Any CPU
		{24D84C70-251A-4FC5-81A2-F577F9436A2F}.Debug|iPhone.Deploy.0 = Debug|Any CPU
		{24D84C70-251A-4FC5-81A2-F577F9436A2F}.Debug|iPhoneSimulator.ActiveCfg = Debug|Any CPU
		{24D84C70-251A-4FC5-81A2-F577F9436A2F}.Debug|iPhoneSimulator.Build.0 = Debug|Any CPU
		{24D84C70-251A-4FC5-81A2-F577F9436A2F}.Debug|iPhoneSimulator.Deploy.0 = Debug|Any CPU
		{24D84C70-251A-4FC5-81A2-F577F9436A2F}.Release|Any CPU.ActiveCfg = Release|Any CPU
		{24D84C70-251A-4FC5-81A2-F577F9436A2F}.Release|Any CPU.Build.0 = Release|Any CPU
		{24D84C70-251A-4FC5-81A2-F577F9436A2F}.Release|Any CPU.Deploy.0 = Release|Any CPU
		{24D84C70-251A-4FC5-81A2-F577F9436A2F}.Release|iPhone.ActiveCfg = Release|Any CPU
		{24D84C70-251A-4FC5-81A2-F577F9436A2F}.Release|iPhone.Build.0 = Release|Any CPU
		{24D84C70-251A-4FC5-81A2-F577F9436A2F}.Release|iPhone.Deploy.0 = Release|Any CPU
		{24D84C70-251A-4FC5-81A2-F577F9436A2F}.Release|iPhoneSimulator.ActiveCfg = Release|Any CPU
		{24D84C70-251A-4FC5-81A2-F577F9436A2F}.Release|iPhoneSimulator.Build.0 = Release|Any CPU
		{24D84C70-251A-4FC5-81A2-F577F9436A2F}.Release|iPhoneSimulator.Deploy.0 = Release|Any CPU
	EndGlobalSection
	GlobalSection(SolutionProperties) = preSolution
		HideSolutionNode = FALSE
	EndGlobalSection
	GlobalSection(ExtensibilityGlobals) = postSolution
		SolutionGuid = {8F8C1B91-6B55-4E4B-BAB3-D6606629BC20}
	EndGlobalSection
EndGlobal
